# THIS IS AN AUTOGENERATED FILE. DO NOT EDIT THIS FILE DIRECTLY.
# yarn lockfile v1


npm-check-updates@^19.3.1:
  version "19.3.1"
  resolved "https://registry.yarnpkg.com/npm-check-updates/-/npm-check-updates-19.3.1.tgz#a68748bca9b029e8153508f7ef3e4f0b3a1a83d5"
  integrity sha512-v92fHH8fmf9VVmQwwL5JWpX8GDEe8BDyrz4w3GF6D6JBUZKpQNcTfBBgxVkCcAPzVUjCHSZEXYmZAAKfLTsDBA==
